
Microsoft Visual Studio Solution File, Format Version 11.00
# Visual Studio 2010
Project("{FAE04EC0-301F-11D3-BF4B-00C04F79EFBC}") = "Escape Hospital", "Assembly-CSharp-firstpass.csproj", "{CC255EE7-4CE4-C469-4AD6-E6D4FE45CEFC}"
EndProject
Project("{FAE04EC0-301F-11D3-BF4B-00C04F79EFBC}") = "Escape Hospital", "Assembly-CSharp-Editor-firstpass.csproj", "{4814D328-C026-E3D0-9153-86DA61378AB7}"
EndProject
Global
	GlobalSection(SolutionConfigurationPlatforms) = preSolution
		Debug|Any CPU = Debug|Any CPU
		Release|Any CPU = Release|Any CPU
	EndGlobalSection
	GlobalSection(ProjectConfigurationPlatforms) = postSolution
		{CC255EE7-4CE4-C469-4AD6-E6D4FE45CEFC}.Debug|Any CPU.ActiveCfg = Debug|Any CPU
		{CC255EE7-4CE4-C469-4AD6-E6D4FE45CEFC}.Debug|Any CPU.Build.0 = Debug|Any CPU
		{CC255EE7-4CE4-C469-4AD6-E6D4FE45CEFC}.Release|Any CPU.ActiveCfg = Release|Any CPU
		{CC255EE7-4CE4-C469-4AD6-E6D4FE45CEFC}.Release|Any CPU.Build.0 = Release|Any CPU
		{4814D328-C026-E3D0-9153-86DA61378AB7}.Debug|Any CPU.ActiveCfg = Debug|Any CPU
		{4814D328-C026-E3D0-9153-86DA61378AB7}.Debug|Any CPU.Build.0 = Debug|Any CPU
		{4814D328-C026-E3D0-9153-86DA61378AB7}.Release|Any CPU.ActiveCfg = Release|Any CPU
		{4814D328-C026-E3D0-9153-86DA61378AB7}.Release|Any CPU.Build.0 = Release|Any CPU
	EndGlobalSection
	GlobalSection(SolutionProperties) = preSolution
		HideSolutionNode = FALSE
	EndGlobalSection
	GlobalSection(MonoDevelopProperties) = preSolution
		StartupItem = Assembly-CSharp.csproj
	EndGlobalSection
EndGlobal
